
Microsoft Visual Studio Solution File, Format Version 12.00
# Visual Studio Version 17
VisualStudioVersion = 17.13.35931.197 d17.13
MinimumVisualStudioVersion = 10.0.40219.1
Project("{FAE04EC0-301F-11D3-BF4B-00C04F79EFBC}") = "AirControl.Api", "AirControl.Api\AirControl.Api.csproj", "{4314DAC5-6BAD-4F96-97DF-F1BCEF232C66}"
EndProject
Global
	GlobalSection(SolutionConfigurationPlatforms) = preSolution
		Debug|Any CPU = Debug|Any CPU
		Release|Any CPU = Release|Any CPU
	EndGlobalSection
	GlobalSection(ProjectConfigurationPlatforms) = postSolution
		{4314DAC5-6BAD-4F96-97DF-F1BCEF232C66}.Debug|Any CPU.ActiveCfg = Debug|Any CPU
		{4314DAC5-6BAD-4F96-97DF-F1BCEF232C66}.Debug|Any CPU.Build.0 = Debug|Any CPU
		{4314DAC5-6BAD-4F96-97DF-F1BCEF232C66}.Release|Any CPU.ActiveCfg = Release|Any CPU
		{4314DAC5-6BAD-4F96-97DF-F1BCEF232C66}.Release|Any CPU.Build.0 = Release|Any CPU
	EndGlobalSection
	GlobalSection(SolutionProperties) = preSolution
		HideSolutionNode = FALSE
	EndGlobalSection
	GlobalSection(ExtensibilityGlobals) = postSolution
		SolutionGuid = {D15354E2-47C5-42CC-8569-6EB04F5E42AF}
	EndGlobalSection
EndGlobal
